
Microsoft Visual Studio Solution File, Format Version 12.00
# Visual Studio Version 17
VisualStudioVersion = 17.5.33326.253
MinimumVisualStudioVersion = 10.0.40219.1
Project("{FAE04EC0-301F-11D3-BF4B-00C04F79EFBC}") = "TddBank", "TddBank\TddBank.csproj", "{73B3EFB7-F441-4A16-89B8-1AC449887E81}"
EndProject
Project("{FAE04EC0-301F-11D3-BF4B-00C04F79EFBC}") = "TddBank.Tests", "TddBank.Tests\TddBank.Tests.csproj", "{FDB4FD83-D079-4F59-9BE0-AEA2DBA39F16}"
EndProject
Global
	GlobalSection(SolutionConfigurationPlatforms) = preSolution
		Debug|Any CPU = Debug|Any CPU
		Release|Any CPU = Release|Any CPU
	EndGlobalSection
	GlobalSection(ProjectConfigurationPlatforms) = postSolution
		{73B3EFB7-F441-4A16-89B8-1AC449887E81}.Debug|Any CPU.ActiveCfg = Debug|Any CPU
		{73B3EFB7-F441-4A16-89B8-1AC449887E81}.Debug|Any CPU.Build.0 = Debug|Any CPU
		{73B3EFB7-F441-4A16-89B8-1AC449887E81}.Release|Any CPU.ActiveCfg = Release|Any CPU
		{73B3EFB7-F441-4A16-89B8-1AC449887E81}.Release|Any CPU.Build.0 = Release|Any CPU
		{FDB4FD83-D079-4F59-9BE0-AEA2DBA39F16}.Debug|Any CPU.ActiveCfg = Debug|Any CPU
		{FDB4FD83-D079-4F59-9BE0-AEA2DBA39F16}.Debug|Any CPU.Build.0 = Debug|Any CPU
		{FDB4FD83-D079-4F59-9BE0-AEA2DBA39F16}.Release|Any CPU.ActiveCfg = Release|Any CPU
		{FDB4FD83-D079-4F59-9BE0-AEA2DBA39F16}.Release|Any CPU.Build.0 = Release|Any CPU
	EndGlobalSection
	GlobalSection(SolutionProperties) = preSolution
		HideSolutionNode = FALSE
	EndGlobalSection
	GlobalSection(ExtensibilityGlobals) = postSolution
		SolutionGuid = {054AA969-2A77-464A-BA39-12A38C419CC2}
	EndGlobalSection
EndGlobal
