
Microsoft Visual Studio Solution File, Format Version 12.00
# Visual Studio Version 17
VisualStudioVersion = 17.6.33417.168
MinimumVisualStudioVersion = 10.0.40219.1
Project("{FAE04EC0-301F-11D3-BF4B-00C04F79EFBC}") = "ppedv.CarManager5000.Model", "ppedv.CarManager5000.Model\ppedv.CarManager5000.Model.csproj", "{5B26116E-08A7-4378-8125-E5AD7DF4C215}"
EndProject
Project("{FAE04EC0-301F-11D3-BF4B-00C04F79EFBC}") = "ppedv.CarManager5000.Data.Db", "ppedv.CarManager5000.Data.Db\ppedv.CarManager5000.Data.Db.csproj", "{9E257D7B-34A0-460D-B821-02A2C42FC212}"
EndProject
Project("{FAE04EC0-301F-11D3-BF4B-00C04F79EFBC}") = "ppedv.CarManager5000.Data.Db.Tests", "ppedv.CarManager5000.Data.Db.Tests\ppedv.CarManager5000.Data.Db.Tests.csproj", "{EA93B965-2BE5-4C3F-8A8A-547CB050512E}"
EndProject
Project("{FAE04EC0-301F-11D3-BF4B-00C04F79EFBC}") = "ppedv.CarManager5000.CarService", "ppedv.CarManager5000.CarService\ppedv.CarManager5000.CarService.csproj", "{073D7CFD-0703-4EE1-BBF7-E8E52D240313}"
EndProject
Project("{FAE04EC0-301F-11D3-BF4B-00C04F79EFBC}") = "ppedv.CarManager5000.CarService.Tests", "ppedv.CarManager5000.CarService.Tests\ppedv.CarManager5000.CarService.Tests.csproj", "{31F39359-B8E1-4510-8578-2C9AFF69C238}"
EndProject
Global
	GlobalSection(SolutionConfigurationPlatforms) = preSolution
		Debug|Any CPU = Debug|Any CPU
		Release|Any CPU = Release|Any CPU
	EndGlobalSection
	GlobalSection(ProjectConfigurationPlatforms) = postSolution
		{5B26116E-08A7-4378-8125-E5AD7DF4C215}.Debug|Any CPU.ActiveCfg = Debug|Any CPU
		{5B26116E-08A7-4378-8125-E5AD7DF4C215}.Debug|Any CPU.Build.0 = Debug|Any CPU
		{5B26116E-08A7-4378-8125-E5AD7DF4C215}.Release|Any CPU.ActiveCfg = Release|Any CPU
		{5B26116E-08A7-4378-8125-E5AD7DF4C215}.Release|Any CPU.Build.0 = Release|Any CPU
		{9E257D7B-34A0-460D-B821-02A2C42FC212}.Debug|Any CPU.ActiveCfg = Debug|Any CPU
		{9E257D7B-34A0-460D-B821-02A2C42FC212}.Debug|Any CPU.Build.0 = Debug|Any CPU
		{9E257D7B-34A0-460D-B821-02A2C42FC212}.Release|Any CPU.ActiveCfg = Release|Any CPU
		{9E257D7B-34A0-460D-B821-02A2C42FC212}.Release|Any CPU.Build.0 = Release|Any CPU
		{EA93B965-2BE5-4C3F-8A8A-547CB050512E}.Debug|Any CPU.ActiveCfg = Debug|Any CPU
		{EA93B965-2BE5-4C3F-8A8A-547CB050512E}.Debug|Any CPU.Build.0 = Debug|Any CPU
		{EA93B965-2BE5-4C3F-8A8A-547CB050512E}.Release|Any CPU.ActiveCfg = Release|Any CPU
		{EA93B965-2BE5-4C3F-8A8A-547CB050512E}.Release|Any CPU.Build.0 = Release|Any CPU
		{073D7CFD-0703-4EE1-BBF7-E8E52D240313}.Debug|Any CPU.ActiveCfg = Debug|Any CPU
		{073D7CFD-0703-4EE1-BBF7-E8E52D240313}.Debug|Any CPU.Build.0 = Debug|Any CPU
		{073D7CFD-0703-4EE1-BBF7-E8E52D240313}.Release|Any CPU.ActiveCfg = Release|Any CPU
		{073D7CFD-0703-4EE1-BBF7-E8E52D240313}.Release|Any CPU.Build.0 = Release|Any CPU
		{31F39359-B8E1-4510-8578-2C9AFF69C238}.Debug|Any CPU.ActiveCfg = Debug|Any CPU
		{31F39359-B8E1-4510-8578-2C9AFF69C238}.Debug|Any CPU.Build.0 = Debug|Any CPU
		{31F39359-B8E1-4510-8578-2C9AFF69C238}.Release|Any CPU.ActiveCfg = Release|Any CPU
		{31F39359-B8E1-4510-8578-2C9AFF69C238}.Release|Any CPU.Build.0 = Release|Any CPU
	EndGlobalSection
	GlobalSection(SolutionProperties) = preSolution
		HideSolutionNode = FALSE
	EndGlobalSection
	GlobalSection(ExtensibilityGlobals) = postSolution
		SolutionGuid = {DE0026B8-3FF1-402A-B170-7D2C07339107}
	EndGlobalSection
EndGlobal
